
Microsoft Visual Studio Solution File, Format Version 12.00
# Visual Studio Version 17
VisualStudioVersion = 17.13.35931.197 d17.13
MinimumVisualStudioVersion = 10.0.40219.1
Project("{8BC9CEB8-8B4A-11D0-8D11-00A0C91BC942}") = "ArenaCore", "ArenaCore\ArenaCore.vcxproj", "{E1A45400-7964-45E7-82D6-69D973D897D4}"
EndProject
Project("{FAE04EC0-301F-11D3-BF4B-00C04F79EFBC}") = "WPFUtility", "WPFUtility\WPFUtility.csproj", "{69FA93D1-5973-409C-6A97-F569512DC2D1}"
EndProject
Project("{FAE04EC0-301F-11D3-BF4B-00C04F79EFBC}") = "VisualizerControl", "VisualizerControl\VisualizerControl.csproj", "{3472B83B-F9F1-3DE9-33D8-0A4684AE90A1}"
EndProject
Project("{FAE04EC0-301F-11D3-BF4B-00C04F79EFBC}") = "VisualizerBaseClasses", "VisualizerBaseClasses\VisualizerBaseClasses.csproj", "{2EB77ACB-1832-35A2-EEC1-F1C508B64482}"
EndProject
Project("{FAE04EC0-301F-11D3-BF4B-00C04F79EFBC}") = "MotionVisualizer", "MotionVisualizer\MotionVisualizer.csproj", "{A47A8EA3-4CD2-D655-4337-BADFEF22679C}"
EndProject
Project("{FAE04EC0-301F-11D3-BF4B-00C04F79EFBC}") = "HungerGamesInterface", "HungerGamesInterface\HungerGamesInterface.csproj", "{5C2628C1-0C2A-615E-6F16-F5FA2032C884}"
EndProject
Project("{FAE04EC0-301F-11D3-BF4B-00C04F79EFBC}") = "HungerGamesCore", "HungerGamesCore\HungerGamesCore.csproj", "{8A58A9B6-9CBB-23FF-DE31-0F511A08FB1A}"
EndProject
Project("{FAE04EC0-301F-11D3-BF4B-00C04F79EFBC}") = "HungerGames", "HungerGames\HungerGames.csproj", "{199010A1-06F1-6DA4-BE2B-E976EBE58946}"
EndProject
Project("{FAE04EC0-301F-11D3-BF4B-00C04F79EFBC}") = "GraphData", "GraphData\GraphData.csproj", "{FA3247D2-A034-A378-F21F-66A762BF5F5A}"
EndProject
Project("{FAE04EC0-301F-11D3-BF4B-00C04F79EFBC}") = "GraphControl", "GraphControl\GraphControl.csproj", "{16D2A220-F717-786E-5153-5EF68E681C5B}"
EndProject
Project("{FAE04EC0-301F-11D3-BF4B-00C04F79EFBC}") = "Geometry", "Geometry\Geometry.csproj", "{19008DC8-7AC8-8B37-D8A8-9CA63625B683}"
EndProject
Project("{FAE04EC0-301F-11D3-BF4B-00C04F79EFBC}") = "DongUtility", "DongUtility\DongUtility.csproj", "{104369D8-0141-0117-9343-582448ECCABB}"
EndProject
Project("{FAE04EC0-301F-11D3-BF4B-00C04F79EFBC}") = "ArenaVisualizer", "ArenaVisualizer\ArenaVisualizer.csproj", "{B285E59A-87B1-BC1E-FE88-F61ADA782E58}"
EndProject
Project("{FAE04EC0-301F-11D3-BF4B-00C04F79EFBC}") = "Arena", "Arena\Arena.csproj", "{1534709E-384C-0B66-FCA2-2DF8E03512C5}"
EndProject
Project("{FAE04EC0-301F-11D3-BF4B-00C04F79EFBC}") = "NeuralNet", "NeuralNet\NeuralNet.csproj", "{B13AAF26-677F-70E6-06DE-BDC74CEE46A9}"
EndProject
Global
	GlobalSection(SolutionConfigurationPlatforms) = preSolution
		Debug|Any CPU = Debug|Any CPU
		Debug|x64 = Debug|x64
		Debug|x86 = Debug|x86
		Release|Any CPU = Release|Any CPU
		Release|x64 = Release|x64
		Release|x86 = Release|x86
	EndGlobalSection
	GlobalSection(ProjectConfigurationPlatforms) = postSolution
		{E1A45400-7964-45E7-82D6-69D973D897D4}.Debug|Any CPU.ActiveCfg = Debug|x64
		{E1A45400-7964-45E7-82D6-69D973D897D4}.Debug|Any CPU.Build.0 = Debug|x64
		{E1A45400-7964-45E7-82D6-69D973D897D4}.Debug|x64.ActiveCfg = Debug|x64
		{E1A45400-7964-45E7-82D6-69D973D897D4}.Debug|x64.Build.0 = Debug|x64
		{E1A45400-7964-45E7-82D6-69D973D897D4}.Debug|x86.ActiveCfg = Debug|Win32
		{E1A45400-7964-45E7-82D6-69D973D897D4}.Debug|x86.Build.0 = Debug|Win32
		{E1A45400-7964-45E7-82D6-69D973D897D4}.Release|Any CPU.ActiveCfg = Release|x64
		{E1A45400-7964-45E7-82D6-69D973D897D4}.Release|Any CPU.Build.0 = Release|x64
		{E1A45400-7964-45E7-82D6-69D973D897D4}.Release|x64.ActiveCfg = Release|x64
		{E1A45400-7964-45E7-82D6-69D973D897D4}.Release|x64.Build.0 = Release|x64
		{E1A45400-7964-45E7-82D6-69D973D897D4}.Release|x86.ActiveCfg = Release|Win32
		{E1A45400-7964-45E7-82D6-69D973D897D4}.Release|x86.Build.0 = Release|Win32
		{69FA93D1-5973-409C-6A97-F569512DC2D1}.Debug|Any CPU.ActiveCfg = Debug|Any CPU
		{69FA93D1-5973-409C-6A97-F569512DC2D1}.Debug|Any CPU.Build.0 = Debug|Any CPU
		{69FA93D1-5973-409C-6A97-F569512DC2D1}.Debug|x64.ActiveCfg = Debug|Any CPU
		{69FA93D1-5973-409C-6A97-F569512DC2D1}.Debug|x64.Build.0 = Debug|Any CPU
		{69FA93D1-5973-409C-6A97-F569512DC2D1}.Debug|x86.ActiveCfg = Debug|Any CPU
		{69FA93D1-5973-409C-6A97-F569512DC2D1}.Debug|x86.Build.0 = Debug|Any CPU
		{69FA93D1-5973-409C-6A97-F569512DC2D1}.Release|Any CPU.ActiveCfg = Release|Any CPU
		{69FA93D1-5973-409C-6A97-F569512DC2D1}.Release|Any CPU.Build.0 = Release|Any CPU
		{69FA93D1-5973-409C-6A97-F569512DC2D1}.Release|x64.ActiveCfg = Release|Any CPU
		{69FA93D1-5973-409C-6A97-F569512DC2D1}.Release|x64.Build.0 = Release|Any CPU
		{69FA93D1-5973-409C-6A97-F569512DC2D1}.Release|x86.ActiveCfg = Release|Any CPU
		{69FA93D1-5973-409C-6A97-F569512DC2D1}.Release|x86.Build.0 = Release|Any CPU
		{3472B83B-F9F1-3DE9-33D8-0A4684AE90A1}.Debug|Any CPU.ActiveCfg = Debug|Any CPU
		{3472B83B-F9F1-3DE9-33D8-0A4684AE90A1}.Debug|Any CPU.Build.0 = Debug|Any CPU
		{3472B83B-F9F1-3DE9-33D8-0A4684AE90A1}.Debug|x64.ActiveCfg = Debug|Any CPU
		{3472B83B-F9F1-3DE9-33D8-0A4684AE90A1}.Debug|x64.Build.0 = Debug|Any CPU
		{3472B83B-F9F1-3DE9-33D8-0A4684AE90A1}.Debug|x86.ActiveCfg = Debug|Any CPU
		{3472B83B-F9F1-3DE9-33D8-0A4684AE90A1}.Debug|x86.Build.0 = Debug|Any CPU
		{3472B83B-F9F1-3DE9-33D8-0A4684AE90A1}.Release|Any CPU.ActiveCfg = Release|Any CPU
		{3472B83B-F9F1-3DE9-33D8-0A4684AE90A1}.Release|Any CPU.Build.0 = Release|Any CPU
		{3472B83B-F9F1-3DE9-33D8-0A4684AE90A1}.Release|x64.ActiveCfg = Release|Any CPU
		{3472B83B-F9F1-3DE9-33D8-0A4684AE90A1}.Release|x64.Build.0 = Release|Any CPU
		{3472B83B-F9F1-3DE9-33D8-0A4684AE90A1}.Release|x86.ActiveCfg = Release|Any CPU
		{3472B83B-F9F1-3DE9-33D8-0A4684AE90A1}.Release|x86.Build.0 = Release|Any CPU
		{2EB77ACB-1832-35A2-EEC1-F1C508B64482}.Debug|Any CPU.ActiveCfg = Debug|Any CPU
		{2EB77ACB-1832-35A2-EEC1-F1C508B64482}.Debug|Any CPU.Build.0 = Debug|Any CPU
		{2EB77ACB-1832-35A2-EEC1-F1C508B64482}.Debug|x64.ActiveCfg = Debug|Any CPU
		{2EB77ACB-1832-35A2-EEC1-F1C508B64482}.Debug|x64.Build.0 = Debug|Any CPU
		{2EB77ACB-1832-35A2-EEC1-F1C508B64482}.Debug|x86.ActiveCfg = Debug|Any CPU
		{2EB77ACB-1832-35A2-EEC1-F1C508B64482}.Debug|x86.Build.0 = Debug|Any CPU
		{2EB77ACB-1832-35A2-EEC1-F1C508B64482}.Release|Any CPU.ActiveCfg = Release|Any CPU
		{2EB77ACB-1832-35A2-EEC1-F1C508B64482}.Release|Any CPU.Build.0 = Release|Any CPU
		{2EB77ACB-1832-35A2-EEC1-F1C508B64482}.Release|x64.ActiveCfg = Release|Any CPU
		{2EB77ACB-1832-35A2-EEC1-F1C508B64482}.Release|x64.Build.0 = Release|Any CPU
		{2EB77ACB-1832-35A2-EEC1-F1C508B64482}.Release|x86.ActiveCfg = Release|Any CPU
		{2EB77ACB-1832-35A2-EEC1-F1C508B64482}.Release|x86.Build.0 = Release|Any CPU
		{A47A8EA3-4CD2-D655-4337-BADFEF22679C}.Debug|Any CPU.ActiveCfg = Debug|Any CPU
		{A47A8EA3-4CD2-D655-4337-BADFEF22679C}.Debug|Any CPU.Build.0 = Debug|Any CPU
		{A47A8EA3-4CD2-D655-4337-BADFEF22679C}.Debug|x64.ActiveCfg = Debug|Any CPU
		{A47A8EA3-4CD2-D655-4337-BADFEF22679C}.Debug|x64.Build.0 = Debug|Any CPU
		{A47A8EA3-4CD2-D655-4337-BADFEF22679C}.Debug|x86.ActiveCfg = Debug|Any CPU
		{A47A8EA3-4CD2-D655-4337-BADFEF22679C}.Debug|x86.Build.0 = Debug|Any CPU
		{A47A8EA3-4CD2-D655-4337-BADFEF22679C}.Release|Any CPU.ActiveCfg = Release|Any CPU
		{A47A8EA3-4CD2-D655-4337-BADFEF22679C}.Release|Any CPU.Build.0 = Release|Any CPU
		{A47A8EA3-4CD2-D655-4337-BADFEF22679C}.Release|x64.ActiveCfg = Release|Any CPU
		{A47A8EA3-4CD2-D655-4337-BADFEF22679C}.Release|x64.Build.0 = Release|Any CPU
		{A47A8EA3-4CD2-D655-4337-BADFEF22679C}.Release|x86.ActiveCfg = Release|Any CPU
		{A47A8EA3-4CD2-D655-4337-BADFEF22679C}.Release|x86.Build.0 = Release|Any CPU
		{5C2628C1-0C2A-615E-6F16-F5FA2032C884}.Debug|Any CPU.ActiveCfg = Debug|Any CPU
		{5C2628C1-0C2A-615E-6F16-F5FA2032C884}.Debug|Any CPU.Build.0 = Debug|Any CPU
		{5C2628C1-0C2A-615E-6F16-F5FA2032C884}.Debug|x64.ActiveCfg = Debug|Any CPU
		{5C2628C1-0C2A-615E-6F16-F5FA2032C884}.Debug|x64.Build.0 = Debug|Any CPU
		{5C2628C1-0C2A-615E-6F16-F5FA2032C884}.Debug|x86.ActiveCfg = Debug|Any CPU
		{5C2628C1-0C2A-615E-6F16-F5FA2032C884}.Debug|x86.Build.0 = Debug|Any CPU
		{5C2628C1-0C2A-615E-6F16-F5FA2032C884}.Release|Any CPU.ActiveCfg = Release|Any CPU
		{5C2628C1-0C2A-615E-6F16-F5FA2032C884}.Release|Any CPU.Build.0 = Release|Any CPU
		{5C2628C1-0C2A-615E-6F16-F5FA2032C884}.Release|x64.ActiveCfg = Release|Any CPU
		{5C2628C1-0C2A-615E-6F16-F5FA2032C884}.Release|x64.Build.0 = Release|Any CPU
		{5C2628C1-0C2A-615E-6F16-F5FA2032C884}.Release|x86.ActiveCfg = Release|Any CPU
		{5C2628C1-0C2A-615E-6F16-F5FA2032C884}.Release|x86.Build.0 = Release|Any CPU
		{8A58A9B6-9CBB-23FF-DE31-0F511A08FB1A}.Debug|Any CPU.ActiveCfg = Debug|Any CPU
		{8A58A9B6-9CBB-23FF-DE31-0F511A08FB1A}.Debug|Any CPU.Build.0 = Debug|Any CPU
		{8A58A9B6-9CBB-23FF-DE31-0F511A08FB1A}.Debug|x64.ActiveCfg = Debug|Any CPU
		{8A58A9B6-9CBB-23FF-DE31-0F511A08FB1A}.Debug|x64.Build.0 = Debug|Any CPU
		{8A58A9B6-9CBB-23FF-DE31-0F511A08FB1A}.Debug|x86.ActiveCfg = Debug|Any CPU
		{8A58A9B6-9CBB-23FF-DE31-0F511A08FB1A}.Debug|x86.Build.0 = Debug|Any CPU
		{8A58A9B6-9CBB-23FF-DE31-0F511A08FB1A}.Release|Any CPU.ActiveCfg = Release|Any CPU
		{8A58A9B6-9CBB-23FF-DE31-0F511A08FB1A}.Release|Any CPU.Build.0 = Release|Any CPU
		{8A58A9B6-9CBB-23FF-DE31-0F511A08FB1A}.Release|x64.ActiveCfg = Release|Any CPU
		{8A58A9B6-9CBB-23FF-DE31-0F511A08FB1A}.Release|x64.Build.0 = Release|Any CPU
		{8A58A9B6-9CBB-23FF-DE31-0F511A08FB1A}.Release|x86.ActiveCfg = Release|Any CPU
		{8A58A9B6-9CBB-23FF-DE31-0F511A08FB1A}.Release|x86.Build.0 = Release|Any CPU
		{199010A1-06F1-6DA4-BE2B-E976EBE58946}.Debug|Any CPU.ActiveCfg = Debug|Any CPU
		{199010A1-06F1-6DA4-BE2B-E976EBE58946}.Debug|Any CPU.Build.0 = Debug|Any CPU
		{199010A1-06F1-6DA4-BE2B-E976EBE58946}.Debug|x64.ActiveCfg = Debug|Any CPU
		{199010A1-06F1-6DA4-BE2B-E976EBE58946}.Debug|x64.Build.0 = Debug|Any CPU
		{199010A1-06F1-6DA4-BE2B-E976EBE58946}.Debug|x86.ActiveCfg = Debug|Any CPU
		{199010A1-06F1-6DA4-BE2B-E976EBE58946}.Debug|x86.Build.0 = Debug|Any CPU
		{199010A1-06F1-6DA4-BE2B-E976EBE58946}.Release|Any CPU.ActiveCfg = Release|Any CPU
		{199010A1-06F1-6DA4-BE2B-E976EBE58946}.Release|Any CPU.Build.0 = Release|Any CPU
		{199010A1-06F1-6DA4-BE2B-E976EBE58946}.Release|x64.ActiveCfg = Release|Any CPU
		{199010A1-06F1-6DA4-BE2B-E976EBE58946}.Release|x64.Build.0 = Release|Any CPU
		{199010A1-06F1-6DA4-BE2B-E976EBE58946}.Release|x86.ActiveCfg = Release|Any CPU
		{199010A1-06F1-6DA4-BE2B-E976EBE58946}.Release|x86.Build.0 = Release|Any CPU
		{FA3247D2-A034-A378-F21F-66A762BF5F5A}.Debug|Any CPU.ActiveCfg = Debug|Any CPU
		{FA3247D2-A034-A378-F21F-66A762BF5F5A}.Debug|Any CPU.Build.0 = Debug|Any CPU
		{FA3247D2-A034-A378-F21F-66A762BF5F5A}.Debug|x64.ActiveCfg = Debug|Any CPU
		{FA3247D2-A034-A378-F21F-66A762BF5F5A}.Debug|x64.Build.0 = Debug|Any CPU
		{FA3247D2-A034-A378-F21F-66A762BF5F5A}.Debug|x86.ActiveCfg = Debug|Any CPU
		{FA3247D2-A034-A378-F21F-66A762BF5F5A}.Debug|x86.Build.0 = Debug|Any CPU
		{FA3247D2-A034-A378-F21F-66A762BF5F5A}.Release|Any CPU.ActiveCfg = Release|Any CPU
		{FA3247D2-A034-A378-F21F-66A762BF5F5A}.Release|Any CPU.Build.0 = Release|Any CPU
		{FA3247D2-A034-A378-F21F-66A762BF5F5A}.Release|x64.ActiveCfg = Release|Any CPU
		{FA3247D2-A034-A378-F21F-66A762BF5F5A}.Release|x64.Build.0 = Release|Any CPU
		{FA3247D2-A034-A378-F21F-66A762BF5F5A}.Release|x86.ActiveCfg = Release|Any CPU
		{FA3247D2-A034-A378-F21F-66A762BF5F5A}.Release|x86.Build.0 = Release|Any CPU
		{16D2A220-F717-786E-5153-5EF68E681C5B}.Debug|Any CPU.ActiveCfg = Debug|Any CPU
		{16D2A220-F717-786E-5153-5EF68E681C5B}.Debug|Any CPU.Build.0 = Debug|Any CPU
		{16D2A220-F717-786E-5153-5EF68E681C5B}.Debug|x64.ActiveCfg = Debug|Any CPU
		{16D2A220-F717-786E-5153-5EF68E681C5B}.Debug|x64.Build.0 = Debug|Any CPU
		{16D2A220-F717-786E-5153-5EF68E681C5B}.Debug|x86.ActiveCfg = Debug|Any CPU
		{16D2A220-F717-786E-5153-5EF68E681C5B}.Debug|x86.Build.0 = Debug|Any CPU
		{16D2A220-F717-786E-5153-5EF68E681C5B}.Release|Any CPU.ActiveCfg = Release|Any CPU
		{16D2A220-F717-786E-5153-5EF68E681C5B}.Release|Any CPU.Build.0 = Release|Any CPU
		{16D2A220-F717-786E-5153-5EF68E681C5B}.Release|x64.ActiveCfg = Release|Any CPU
		{16D2A220-F717-786E-5153-5EF68E681C5B}.Release|x64.Build.0 = Release|Any CPU
		{16D2A220-F717-786E-5153-5EF68E681C5B}.Release|x86.ActiveCfg = Release|Any CPU
		{16D2A220-F717-786E-5153-5EF68E681C5B}.Release|x86.Build.0 = Release|Any CPU
		{19008DC8-7AC8-8B37-D8A8-9CA63625B683}.Debug|Any CPU.ActiveCfg = Debug|Any CPU
		{19008DC8-7AC8-8B37-D8A8-9CA63625B683}.Debug|Any CPU.Build.0 = Debug|Any CPU
		{19008DC8-7AC8-8B37-D8A8-9CA63625B683}.Debug|x64.ActiveCfg = Debug|Any CPU
		{19008DC8-7AC8-8B37-D8A8-9CA63625B683}.Debug|x64.Build.0 = Debug|Any CPU
		{19008DC8-7AC8-8B37-D8A8-9CA63625B683}.Debug|x86.ActiveCfg = Debug|Any CPU
		{19008DC8-7AC8-8B37-D8A8-9CA63625B683}.Debug|x86.Build.0 = Debug|Any CPU
		{19008DC8-7AC8-8B37-D8A8-9CA63625B683}.Release|Any CPU.ActiveCfg = Release|Any CPU
		{19008DC8-7AC8-8B37-D8A8-9CA63625B683}.Release|Any CPU.Build.0 = Release|Any CPU
		{19008DC8-7AC8-8B37-D8A8-9CA63625B683}.Release|x64.ActiveCfg = Release|Any CPU
		{19008DC8-7AC8-8B37-D8A8-9CA63625B683}.Release|x64.Build.0 = Release|Any CPU
		{19008DC8-7AC8-8B37-D8A8-9CA63625B683}.Release|x86.ActiveCfg = Release|Any CPU
		{19008DC8-7AC8-8B37-D8A8-9CA63625B683}.Release|x86.Build.0 = Release|Any CPU
		{104369D8-0141-0117-9343-582448ECCABB}.Debug|Any CPU.ActiveCfg = Debug|Any CPU
		{104369D8-0141-0117-9343-582448ECCABB}.Debug|Any CPU.Build.0 = Debug|Any CPU
		{104369D8-0141-0117-9343-582448ECCABB}.Debug|x64.ActiveCfg = Debug|Any CPU
		{104369D8-0141-0117-9343-582448ECCABB}.Debug|x64.Build.0 = Debug|Any CPU
		{104369D8-0141-0117-9343-582448ECCABB}.Debug|x86.ActiveCfg = Debug|Any CPU
		{104369D8-0141-0117-9343-582448ECCABB}.Debug|x86.Build.0 = Debug|Any CPU
		{104369D8-0141-0117-9343-582448ECCABB}.Release|Any CPU.ActiveCfg = Release|Any CPU
		{104369D8-0141-0117-9343-582448ECCABB}.Release|Any CPU.Build.0 = Release|Any CPU
		{104369D8-0141-0117-9343-582448ECCABB}.Release|x64.ActiveCfg = Release|Any CPU
		{104369D8-0141-0117-9343-582448ECCABB}.Release|x64.Build.0 = Release|Any CPU
		{104369D8-0141-0117-9343-582448ECCABB}.Release|x86.ActiveCfg = Release|Any CPU
		{104369D8-0141-0117-9343-582448ECCABB}.Release|x86.Build.0 = Release|Any CPU
		{B285E59A-87B1-BC1E-FE88-F61ADA782E58}.Debug|Any CPU.ActiveCfg = Debug|Any CPU
		{B285E59A-87B1-BC1E-FE88-F61ADA782E58}.Debug|Any CPU.Build.0 = Debug|Any CPU
		{B285E59A-87B1-BC1E-FE88-F61ADA782E58}.Debug|x64.ActiveCfg = Debug|Any CPU
		{B285E59A-87B1-BC1E-FE88-F61ADA782E58}.Debug|x64.Build.0 = Debug|Any CPU
		{B285E59A-87B1-BC1E-FE88-F61ADA782E58}.Debug|x86.ActiveCfg = Debug|Any CPU
		{B285E59A-87B1-BC1E-FE88-F61ADA782E58}.Debug|x86.Build.0 = Debug|Any CPU
		{B285E59A-87B1-BC1E-FE88-F61ADA782E58}.Release|Any CPU.ActiveCfg = Release|Any CPU
		{B285E59A-87B1-BC1E-FE88-F61ADA782E58}.Release|Any CPU.Build.0 = Release|Any CPU
		{B285E59A-87B1-BC1E-FE88-F61ADA782E58}.Release|x64.ActiveCfg = Release|Any CPU
		{B285E59A-87B1-BC1E-FE88-F61ADA782E58}.Release|x64.Build.0 = Release|Any CPU
		{B285E59A-87B1-BC1E-FE88-F61ADA782E58}.Release|x86.ActiveCfg = Release|Any CPU
		{B285E59A-87B1-BC1E-FE88-F61ADA782E58}.Release|x86.Build.0 = Release|Any CPU
		{1534709E-384C-0B66-FCA2-2DF8E03512C5}.Debug|Any CPU.ActiveCfg = Debug|Any CPU
		{1534709E-384C-0B66-FCA2-2DF8E03512C5}.Debug|Any CPU.Build.0 = Debug|Any CPU
		{1534709E-384C-0B66-FCA2-2DF8E03512C5}.Debug|x64.ActiveCfg = Debug|Any CPU
		{1534709E-384C-0B66-FCA2-2DF8E03512C5}.Debug|x64.Build.0 = Debug|Any CPU
		{1534709E-384C-0B66-FCA2-2DF8E03512C5}.Debug|x86.ActiveCfg = Debug|Any CPU
		{1534709E-384C-0B66-FCA2-2DF8E03512C5}.Debug|x86.Build.0 = Debug|Any CPU
		{1534709E-384C-0B66-FCA2-2DF8E03512C5}.Release|Any CPU.ActiveCfg = Release|Any CPU
		{1534709E-384C-0B66-FCA2-2DF8E03512C5}.Release|Any CPU.Build.0 = Release|Any CPU
		{1534709E-384C-0B66-FCA2-2DF8E03512C5}.Release|x64.ActiveCfg = Release|Any CPU
		{1534709E-384C-0B66-FCA2-2DF8E03512C5}.Release|x64.Build.0 = Release|Any CPU
		{1534709E-384C-0B66-FCA2-2DF8E03512C5}.Release|x86.ActiveCfg = Release|Any CPU
		{1534709E-384C-0B66-FCA2-2DF8E03512C5}.Release|x86.Build.0 = Release|Any CPU
		{B13AAF26-677F-70E6-06DE-BDC74CEE46A9}.Debug|Any CPU.ActiveCfg = Debug|Any CPU
		{B13AAF26-677F-70E6-06DE-BDC74CEE46A9}.Debug|Any CPU.Build.0 = Debug|Any CPU
		{B13AAF26-677F-70E6-06DE-BDC74CEE46A9}.Debug|x64.ActiveCfg = Debug|Any CPU
		{B13AAF26-677F-70E6-06DE-BDC74CEE46A9}.Debug|x64.Build.0 = Debug|Any CPU
		{B13AAF26-677F-70E6-06DE-BDC74CEE46A9}.Debug|x86.ActiveCfg = Debug|Any CPU
		{B13AAF26-677F-70E6-06DE-BDC74CEE46A9}.Debug|x86.Build.0 = Debug|Any CPU
		{B13AAF26-677F-70E6-06DE-BDC74CEE46A9}.Release|Any CPU.ActiveCfg = Release|Any CPU
		{B13AAF26-677F-70E6-06DE-BDC74CEE46A9}.Release|Any CPU.Build.0 = Release|Any CPU
		{B13AAF26-677F-70E6-06DE-BDC74CEE46A9}.Release|x64.ActiveCfg = Release|Any CPU
		{B13AAF26-677F-70E6-06DE-BDC74CEE46A9}.Release|x64.Build.0 = Release|Any CPU
		{B13AAF26-677F-70E6-06DE-BDC74CEE46A9}.Release|x86.ActiveCfg = Release|Any CPU
		{B13AAF26-677F-70E6-06DE-BDC74CEE46A9}.Release|x86.Build.0 = Release|Any CPU
	EndGlobalSection
	GlobalSection(SolutionProperties) = preSolution
		HideSolutionNode = FALSE
	EndGlobalSection
	GlobalSection(ExtensibilityGlobals) = postSolution
		SolutionGuid = {BC73F23D-2ABC-4C7E-AFF5-3F4E44CDCBAE}
	EndGlobalSection
EndGlobal
